github.com/advanced-go/stdlib v0.0.0-20240523134444-a5e972235db3 h1:WJnfZeTc11RR/X0X6g9heUzIPWr5x3/NHOwnEu5Ao0g=
github.com/advanced-go/stdlib v0.0.0-20240523134444-a5e972235db3/go.mod h1:bvuWc7Tx57LArgrEvbPxKW4hvIYGS3pw7iG4P6xofoQ=
github.com/advanced-go/stdlib v0.0.0-20240603144321-1308a40ff07c h1:NYfnTJTDSaOMd7JgWshkfj4/w//aLZeMvNgaxWX8R4w=
github.com/advanced-go/stdlib v0.0.0-20240603144321-1308a40ff07c/go.mod h1:bvuWc7Tx57LArgrEvbPxKW4hvIYGS3pw7iG4P6xofoQ=
github.com/advanced-go/stdlib v0.0.0-20240604162540-10786fd86ada h1:mG5oFCeZkR2Lv1eJoe+Fp/hgaUoo/KRguK3GusDlQjI=
github.com/advanced-go/stdlib v0.0.0-20240604162540-10786fd86ada/go.mod h1:bvuWc7Tx57LArgrEvbPxKW4hvIYGS3pw7iG4P6xofoQ=
github.com/advanced-go/stdlib v0.0.0-20240604170921-4ad650f320b3 h1:7ymPy/KmCtoCS+WPpT9zIiFxscL4Y/XdvG8uyzYsJ5Y=
github.com/advanced-go/stdlib v0.0.0-20240604170921-4ad650f320b3/go.mod h1:bvuWc7Tx57LArgrEvbPxKW4hvIYGS3pw7iG4P6xofoQ=
github.com/advanced-go/stdlib v0.0.0-20240604180734-44cd0a8597b3 h1:mmG0RWtXHNVWA8SAne31O96zFILCJYFnKsfVA97gwqc=
github.com/advanced-go/stdlib v0.0.0-20240604180734-44cd0a8597b3/go.mod h1:bvuWc7Tx57LArgrEvbPxKW4hvIYGS3pw7iG4P6xofoQ=
github.com/advanced-go/stdlib v0.0.0-20240605094348-80639f4fae0b h1:NZl5b4/d8DHC6ckRZQmHYriAHIIEBRRxhXAm9VqN7qQ=
github.com/advanced-go/stdlib v0.0.0-20240605094348-80639f4fae0b/go.mod h1:bvuWc7Tx57LArgrEvbPxKW4hvIYGS3pw7iG4P6xofoQ=
github.com/google/uuid v1.6.0 h1:NIvaJDMOsjHA8n1jAhLSgzrAzy1Hgr+hNrb57e+94F0=
github.com/google/uuid v1.6.0/go.mod h1:TIyPZe4MgqvfeYDBFedMoGGpEw/LqOeaOT+nhxU+yHo=
